
Microsoft Visual Studio Solution File, Format Version 12.00
# Visual Studio 15
VisualStudioVersion = 15.0.26228.9
MinimumVisualStudioVersion = 10.0.40219.1
Project("{FAE04EC0-301F-11D3-BF4B-00C04F79EFBC}") = "飞翔工具箱硬件检测", "飞翔工具箱硬件检测\飞翔工具箱硬件检测.csproj", "{675FD492-347A-41AF-A0FC-FD6CD50E4812}"
EndProject
Global
	GlobalSection(SolutionConfigurationPlatforms) = preSolution
		Debug|Any CPU = Debug|Any CPU
		Release|Any CPU = Release|Any CPU
	EndGlobalSection
	GlobalSection(ProjectConfigurationPlatforms) = postSolution
		{675FD492-347A-41AF-A0FC-FD6CD50E4812}.Debug|Any CPU.ActiveCfg = Debug|Any CPU
		{675FD492-347A-41AF-A0FC-FD6CD50E4812}.Debug|Any CPU.Build.0 = Debug|Any CPU
		{675FD492-347A-41AF-A0FC-FD6CD50E4812}.Release|Any CPU.ActiveCfg = Release|Any CPU
		{675FD492-347A-41AF-A0FC-FD6CD50E4812}.Release|Any CPU.Build.0 = Release|Any CPU
	EndGlobalSection
	GlobalSection(SolutionProperties) = preSolution
		HideSolutionNode = FALSE
	EndGlobalSection
EndGlobal
